
Microsoft Visual Studio Solution File, Format Version 12.00
# Visual Studio Version 17
VisualStudioVersion = 17.4.33213.308
MinimumVisualStudioVersion = 10.0.40219.1
Project("{FAE04EC0-301F-11D3-BF4B-00C04F79EFBC}") = "Drag_Drop_Rectangle", "Drag_Drop_Rectangle\Drag_Drop_Rectangle.csproj", "{CC006335-D173-4568-ABC1-26C92AC6C65D}"
EndProject
Global
	GlobalSection(SolutionConfigurationPlatforms) = preSolution
		Debug|Any CPU = Debug|Any CPU
		Release|Any CPU = Release|Any CPU
	EndGlobalSection
	GlobalSection(ProjectConfigurationPlatforms) = postSolution
		{CC006335-D173-4568-ABC1-26C92AC6C65D}.Debug|Any CPU.ActiveCfg = Debug|Any CPU
		{CC006335-D173-4568-ABC1-26C92AC6C65D}.Debug|Any CPU.Build.0 = Debug|Any CPU
		{CC006335-D173-4568-ABC1-26C92AC6C65D}.Release|Any CPU.ActiveCfg = Release|Any CPU
		{CC006335-D173-4568-ABC1-26C92AC6C65D}.Release|Any CPU.Build.0 = Release|Any CPU
	EndGlobalSection
	GlobalSection(SolutionProperties) = preSolution
		HideSolutionNode = FALSE
	EndGlobalSection
	GlobalSection(ExtensibilityGlobals) = postSolution
		SolutionGuid = {04F27C1E-C62A-45AC-B27A-B0BE4A961B0C}
	EndGlobalSection
EndGlobal
