
Microsoft Visual Studio Solution File, Format Version 12.00
# Visual Studio Version 17
VisualStudioVersion = 17.4.33213.308
MinimumVisualStudioVersion = 10.0.40219.1
Project("{FAE04EC0-301F-11D3-BF4B-00C04F79EFBC}") = "Ass3", "Ass3\Ass3.csproj", "{A8983003-872D-474B-B57F-1DCE7D69F693}"
EndProject
Global
	GlobalSection(SolutionConfigurationPlatforms) = preSolution
		Debug|Any CPU = Debug|Any CPU
		Release|Any CPU = Release|Any CPU
	EndGlobalSection
	GlobalSection(ProjectConfigurationPlatforms) = postSolution
		{A8983003-872D-474B-B57F-1DCE7D69F693}.Debug|Any CPU.ActiveCfg = Debug|Any CPU
		{A8983003-872D-474B-B57F-1DCE7D69F693}.Debug|Any CPU.Build.0 = Debug|Any CPU
		{A8983003-872D-474B-B57F-1DCE7D69F693}.Release|Any CPU.ActiveCfg = Release|Any CPU
		{A8983003-872D-474B-B57F-1DCE7D69F693}.Release|Any CPU.Build.0 = Release|Any CPU
	EndGlobalSection
	GlobalSection(SolutionProperties) = preSolution
		HideSolutionNode = FALSE
	EndGlobalSection
	GlobalSection(ExtensibilityGlobals) = postSolution
		SolutionGuid = {6D174C88-4B2E-4E53-89E0-D4C6E4FA8FAD}
	EndGlobalSection
EndGlobal
