
Microsoft Visual Studio Solution File, Format Version 12.00
# Visual Studio Version 17
VisualStudioVersion = 17.4.33213.308
MinimumVisualStudioVersion = 10.0.40219.1
Project("{FAE04EC0-301F-11D3-BF4B-00C04F79EFBC}") = "Task2", "Task2\Task2.csproj", "{46638D25-AA2E-44FE-9EDA-EFB8976D371C}"
EndProject
Global
	GlobalSection(SolutionConfigurationPlatforms) = preSolution
		Debug|Any CPU = Debug|Any CPU
		Release|Any CPU = Release|Any CPU
	EndGlobalSection
	GlobalSection(ProjectConfigurationPlatforms) = postSolution
		{46638D25-AA2E-44FE-9EDA-EFB8976D371C}.Debug|Any CPU.ActiveCfg = Debug|Any CPU
		{46638D25-AA2E-44FE-9EDA-EFB8976D371C}.Debug|Any CPU.Build.0 = Debug|Any CPU
		{46638D25-AA2E-44FE-9EDA-EFB8976D371C}.Release|Any CPU.ActiveCfg = Release|Any CPU
		{46638D25-AA2E-44FE-9EDA-EFB8976D371C}.Release|Any CPU.Build.0 = Release|Any CPU
	EndGlobalSection
	GlobalSection(SolutionProperties) = preSolution
		HideSolutionNode = FALSE
	EndGlobalSection
	GlobalSection(ExtensibilityGlobals) = postSolution
		SolutionGuid = {A5B44F2B-49F3-45E8-A5D8-DC99E1276CFD}
	EndGlobalSection
EndGlobal
