
Microsoft Visual Studio Solution File, Format Version 12.00
# Visual Studio Version 17
VisualStudioVersion = 17.4.33213.308
MinimumVisualStudioVersion = 10.0.40219.1
Project("{FAE04EC0-301F-11D3-BF4B-00C04F79EFBC}") = "CarMVC_Core", "CarMVC_Core\CarMVC_Core.csproj", "{90E5B5DA-F8D1-47DA-92C1-38C3A334905F}"
EndProject
Global
	GlobalSection(SolutionConfigurationPlatforms) = preSolution
		Debug|Any CPU = Debug|Any CPU
		Release|Any CPU = Release|Any CPU
	EndGlobalSection
	GlobalSection(ProjectConfigurationPlatforms) = postSolution
		{90E5B5DA-F8D1-47DA-92C1-38C3A334905F}.Debug|Any CPU.ActiveCfg = Debug|Any CPU
		{90E5B5DA-F8D1-47DA-92C1-38C3A334905F}.Debug|Any CPU.Build.0 = Debug|Any CPU
		{90E5B5DA-F8D1-47DA-92C1-38C3A334905F}.Release|Any CPU.ActiveCfg = Release|Any CPU
		{90E5B5DA-F8D1-47DA-92C1-38C3A334905F}.Release|Any CPU.Build.0 = Release|Any CPU
	EndGlobalSection
	GlobalSection(SolutionProperties) = preSolution
		HideSolutionNode = FALSE
	EndGlobalSection
	GlobalSection(ExtensibilityGlobals) = postSolution
		SolutionGuid = {7F5C4083-9B9E-486F-A335-33FF1A8B307E}
	EndGlobalSection
EndGlobal
