
Microsoft Visual Studio Solution File, Format Version 12.00
# Visual Studio Version 17
VisualStudioVersion = 17.4.33213.308
MinimumVisualStudioVersion = 10.0.40219.1
Project("{FAE04EC0-301F-11D3-BF4B-00C04F79EFBC}") = "Ass1", "Ass1\Ass1.csproj", "{CAA399D3-ACDC-44D9-A794-4CF6FDBAB6DB}"
EndProject
Global
	GlobalSection(SolutionConfigurationPlatforms) = preSolution
		Debug|Any CPU = Debug|Any CPU
		Release|Any CPU = Release|Any CPU
	EndGlobalSection
	GlobalSection(ProjectConfigurationPlatforms) = postSolution
		{CAA399D3-ACDC-44D9-A794-4CF6FDBAB6DB}.Debug|Any CPU.ActiveCfg = Debug|Any CPU
		{CAA399D3-ACDC-44D9-A794-4CF6FDBAB6DB}.Debug|Any CPU.Build.0 = Debug|Any CPU
		{CAA399D3-ACDC-44D9-A794-4CF6FDBAB6DB}.Release|Any CPU.ActiveCfg = Release|Any CPU
		{CAA399D3-ACDC-44D9-A794-4CF6FDBAB6DB}.Release|Any CPU.Build.0 = Release|Any CPU
	EndGlobalSection
	GlobalSection(SolutionProperties) = preSolution
		HideSolutionNode = FALSE
	EndGlobalSection
	GlobalSection(ExtensibilityGlobals) = postSolution
		SolutionGuid = {03B10148-09F8-4394-87B7-516747F36525}
	EndGlobalSection
EndGlobal
