
Microsoft Visual Studio Solution File, Format Version 12.00
# Visual Studio Version 17
VisualStudioVersion = 17.4.33213.308
MinimumVisualStudioVersion = 10.0.40219.1
Project("{FAE04EC0-301F-11D3-BF4B-00C04F79EFBC}") = "CarAssignment", "CarAssignment\CarAssignment.csproj", "{0A651D5C-6AF6-4081-AD02-E69A8E7CA4DE}"
EndProject
Global
	GlobalSection(SolutionConfigurationPlatforms) = preSolution
		Debug|Any CPU = Debug|Any CPU
		Release|Any CPU = Release|Any CPU
	EndGlobalSection
	GlobalSection(ProjectConfigurationPlatforms) = postSolution
		{0A651D5C-6AF6-4081-AD02-E69A8E7CA4DE}.Debug|Any CPU.ActiveCfg = Debug|Any CPU
		{0A651D5C-6AF6-4081-AD02-E69A8E7CA4DE}.Debug|Any CPU.Build.0 = Debug|Any CPU
		{0A651D5C-6AF6-4081-AD02-E69A8E7CA4DE}.Release|Any CPU.ActiveCfg = Release|Any CPU
		{0A651D5C-6AF6-4081-AD02-E69A8E7CA4DE}.Release|Any CPU.Build.0 = Release|Any CPU
	EndGlobalSection
	GlobalSection(SolutionProperties) = preSolution
		HideSolutionNode = FALSE
	EndGlobalSection
	GlobalSection(ExtensibilityGlobals) = postSolution
		SolutionGuid = {35AC9625-2CBC-493C-8B67-2A804D371662}
	EndGlobalSection
EndGlobal
