
Microsoft Visual Studio Solution File, Format Version 12.00
# Visual Studio Version 17
VisualStudioVersion = 17.4.33213.308
MinimumVisualStudioVersion = 10.0.40219.1
Project("{FAE04EC0-301F-11D3-BF4B-00C04F79EFBC}") = "Paint", "WindowsFormsApp1\Paint.csproj", "{82E6AD1E-6162-41D6-A3B3-BF9F4B378CBD}"
EndProject
Global
	GlobalSection(SolutionConfigurationPlatforms) = preSolution
		Debug|Any CPU = Debug|Any CPU
		Release|Any CPU = Release|Any CPU
	EndGlobalSection
	GlobalSection(ProjectConfigurationPlatforms) = postSolution
		{82E6AD1E-6162-41D6-A3B3-BF9F4B378CBD}.Debug|Any CPU.ActiveCfg = Debug|Any CPU
		{82E6AD1E-6162-41D6-A3B3-BF9F4B378CBD}.Debug|Any CPU.Build.0 = Debug|Any CPU
		{82E6AD1E-6162-41D6-A3B3-BF9F4B378CBD}.Release|Any CPU.ActiveCfg = Release|Any CPU
		{82E6AD1E-6162-41D6-A3B3-BF9F4B378CBD}.Release|Any CPU.Build.0 = Release|Any CPU
	EndGlobalSection
	GlobalSection(SolutionProperties) = preSolution
		HideSolutionNode = FALSE
	EndGlobalSection
	GlobalSection(ExtensibilityGlobals) = postSolution
		SolutionGuid = {12F75743-E414-4F5E-9A6D-FEF2F10DE776}
	EndGlobalSection
EndGlobal
