
Microsoft Visual Studio Solution File, Format Version 12.00
# Visual Studio Version 17
VisualStudioVersion = 17.4.33213.308
MinimumVisualStudioVersion = 10.0.40219.1
Project("{FAE04EC0-301F-11D3-BF4B-00C04F79EFBC}") = "Templete", "Templete\Templete.csproj", "{62404DF7-99CE-4D8C-8D0F-10D0A7BF1C88}"
EndProject
Global
	GlobalSection(SolutionConfigurationPlatforms) = preSolution
		Debug|Any CPU = Debug|Any CPU
		Release|Any CPU = Release|Any CPU
	EndGlobalSection
	GlobalSection(ProjectConfigurationPlatforms) = postSolution
		{62404DF7-99CE-4D8C-8D0F-10D0A7BF1C88}.Debug|Any CPU.ActiveCfg = Debug|Any CPU
		{62404DF7-99CE-4D8C-8D0F-10D0A7BF1C88}.Debug|Any CPU.Build.0 = Debug|Any CPU
		{62404DF7-99CE-4D8C-8D0F-10D0A7BF1C88}.Release|Any CPU.ActiveCfg = Release|Any CPU
		{62404DF7-99CE-4D8C-8D0F-10D0A7BF1C88}.Release|Any CPU.Build.0 = Release|Any CPU
	EndGlobalSection
	GlobalSection(SolutionProperties) = preSolution
		HideSolutionNode = FALSE
	EndGlobalSection
	GlobalSection(ExtensibilityGlobals) = postSolution
		SolutionGuid = {F1CB8BDA-D992-4154-876F-29EBC348BF8B}
	EndGlobalSection
EndGlobal
