
Microsoft Visual Studio Solution File, Format Version 12.00
# Visual Studio Version 17
VisualStudioVersion = 17.4.33213.308
MinimumVisualStudioVersion = 10.0.40219.1
Project("{FAE04EC0-301F-11D3-BF4B-00C04F79EFBC}") = "D10", "D10\D10.csproj", "{E12FECE8-E351-4C8D-9DF7-8618D59BEACD}"
EndProject
Global
	GlobalSection(SolutionConfigurationPlatforms) = preSolution
		Debug|Any CPU = Debug|Any CPU
		Release|Any CPU = Release|Any CPU
	EndGlobalSection
	GlobalSection(ProjectConfigurationPlatforms) = postSolution
		{E12FECE8-E351-4C8D-9DF7-8618D59BEACD}.Debug|Any CPU.ActiveCfg = Debug|Any CPU
		{E12FECE8-E351-4C8D-9DF7-8618D59BEACD}.Debug|Any CPU.Build.0 = Debug|Any CPU
		{E12FECE8-E351-4C8D-9DF7-8618D59BEACD}.Release|Any CPU.ActiveCfg = Release|Any CPU
		{E12FECE8-E351-4C8D-9DF7-8618D59BEACD}.Release|Any CPU.Build.0 = Release|Any CPU
	EndGlobalSection
	GlobalSection(SolutionProperties) = preSolution
		HideSolutionNode = FALSE
	EndGlobalSection
	GlobalSection(ExtensibilityGlobals) = postSolution
		SolutionGuid = {9862896E-3776-46D7-876C-F571D0397BE5}
	EndGlobalSection
EndGlobal
